schema = "reprobuild.solved-graph-lock.v2"

[lock]
platform = "amd64-linux"
optimal = false
inputs_digest = "fnv1a64:051dc424de6173a4"
variants = []
packages = [{ name = "cargo", version = "1.85.0", source = "cargo", selection = "selected" }, { name = "gcc", version = "12.0.0", source = "gcc", selection = "selected" }, { name = "isonim", version = "0.1.0", source = "isonim", selection = "selected" }, { name = "isonim-cocoa", version = "1.0.0", source = "isonim-cocoa", selection = "selected" }, { name = "isonim-freya", version = "1.0.0", source = "isonim-freya", selection = "selected" }, { name = "isonim-gpui", version = "1.0.0", source = "isonim-gpui", selection = "selected" }, { name = "isonim-render-serve", version = "1.0.0", source = "isonim-render-serve", selection = "selected" }, { name = "isonim_cocoa", version = "0.1.0", source = "isonim_cocoa", selection = "selected" }, { name = "isonim_freya", version = "0.1.0", source = "isonim_freya", selection = "selected" }, { name = "isonim_gpui", version = "0.1.0", source = "isonim_gpui", selection = "selected" }, { name = "isonim_render_serve", version = "0.1.0", source = "isonim_render_serve", selection = "selected" }, { name = "isonim_tui", version = "0.1.0", source = "isonim_tui", selection = "selected" }, { name = "nim", version = "2.0.0", source = "nim", selection = "selected" }, { name = "nim-acp", version = "1.0.0", source = "nim-acp", selection = "selected" }, { name = "nim-agent-harbor", version = "1.0.0", source = "nim-agent-harbor", selection = "selected" }, { name = "nim-agents", version = "1.0.0", source = "nim-agents", selection = "selected" }, { name = "nim-everywhere", version = "1.0.0", source = "nim-everywhere", selection = "selected" }, { name = "nim-pty", version = "1.0.0", source = "nim-pty", selection = "selected" }, { name = "nim-termctl", version = "1.0.0", source = "nim-termctl", selection = "selected" }, { name = "nim_acp", version = "0.1.0", source = "nim_acp", selection = "selected" }, { name = "nim_agent_harbor", version = "0.1.0", source = "nim_agent_harbor", selection = "selected" }, { name = "nim_agents", version = "0.1.0", source = "nim_agents", selection = "selected" }, { name = "nim_everywhere", version = "0.1.0", source = "nim_everywhere", selection = "selected" }, { name = "nim_pty", version = "0.1.0", source = "nim_pty", selection = "selected" }, { name = "nim_termctl", version = "0.1.0", source = "nim_termctl", selection = "selected" }, { name = "node", version = "20.0.0", source = "node", selection = "selected" }]
deps = [{ name = "isonim", path = "../isonim", coord_kind = "vcs", url = "https://github.com/metacraft-labs/isonim", ref = "agents", revision = "694d8be8b2b36fe859b5cc612a08a76f09e61b9b", integrity = "git-sha1:694d8be8b2b36fe859b5cc612a08a76f09e61b9b", version = "", visibility = "public", participation = "", depends = "", tags = "" }, { name = "isonim-cocoa", path = "../isonim-cocoa", coord_kind = "vcs", url = "https://github.com/metacraft-labs/isonim-cocoa", ref = "dev", revision = "da5c6b392b06f7a44ececd48ed5ca0bfaf8841ee", integrity = "git-sha1:da5c6b392b06f7a44ececd48ed5ca0bfaf8841ee", version = "", visibility = "public", participation = "", depends = "", tags = "" }, { name = "isonim-freya", path = "../isonim-freya", coord_kind = "vcs", url = "https://github.com/metacraft-labs/isonim-freya", ref = "dev", revision = "2931895636e95b00d33a5a20d3369373a70d13c7", integrity = "git-sha1:2931895636e95b00d33a5a20d3369373a70d13c7", version = "", visibility = "public", participation = "", depends = "", tags = "" }, { name = "isonim-gpui", path = "../isonim-gpui", coord_kind = "vcs", url = "https://github.com/metacraft-labs/isonim-gpui", ref = "agents", revision = "11b2faa37a34151143669623795706623abd4302", integrity = "git-sha1:11b2faa37a34151143669623795706623abd4302", version = "", visibility = "public", participation = "", depends = "", tags = "" }, { name = "isonim-render-serve", path = "../isonim-render-serve", coord_kind = "vcs", url = "https://github.com/metacraft-labs/isonim-render-serve", ref = "agents", revision = "ecb211e76f762da83411342ce94561a1ff6d65da", integrity = "git-sha1:ecb211e76f762da83411342ce94561a1ff6d65da", version = "", visibility = "public", participation = "", depends = "", tags = "" }, { name = "isonim-tui", path = ".", coord_kind = "vcs", url = "https://github.com/metacraft-labs/isonim-tui", ref = "claude/hookspath-absolute", revision = "7ad1e549ef16844004a9f7b6cd38aea05b7fc4bf", integrity = "git-sha1:7ad1e549ef16844004a9f7b6cd38aea05b7fc4bf", version = "", visibility = "public", participation = "", depends = "isonim,nim-termctl,nim-pty,nim-everywhere,isonim-render-serve,nim-acp,nim-agents,nim-agent-harbor,isonim-gpui,isonim-freya,isonim-cocoa", tags = "" }, { name = "nim-acp", path = "../nim-acp", coord_kind = "vcs", url = "https://github.com/metacraft-labs/nim-acp", ref = "agents", revision = "72c85784f1a195707d14e98b12e13cd2065bbe9e", integrity = "git-sha1:72c85784f1a195707d14e98b12e13cd2065bbe9e", version = "", visibility = "public", participation = "", depends = "", tags = "" }, { name = "nim-agent-harbor", path = "../nim-agent-harbor", coord_kind = "vcs", url = "https://github.com/metacraft-labs/nim-agent-harbor", ref = "agents", revision = "6efdbbb3a341d8bfc44a5691db64805d8f2039d3", integrity = "git-sha1:6efdbbb3a341d8bfc44a5691db64805d8f2039d3", version = "", visibility = "public", participation = "", depends = "", tags = "" }, { name = "nim-agents", path = "../nim-agents", coord_kind = "vcs", url = "https://github.com/metacraft-labs/nim-agents", ref = "agents", revision = "f113f926315b3a3fa387f80abb1e9294cd937e68", integrity = "git-sha1:f113f926315b3a3fa387f80abb1e9294cd937e68", version = "", visibility = "public", participation = "", depends = "", tags = "" }, { name = "nim-everywhere", path = "../nim-everywhere", coord_kind = "vcs", url = "https://github.com/metacraft-labs/nim-everywhere", ref = "agents", revision = "e5655e68fd46b82e28c10c26115b5d6ef1c264b6", integrity = "git-sha1:e5655e68fd46b82e28c10c26115b5d6ef1c264b6", version = "", visibility = "public", participation = "", depends = "", tags = "" }, { name = "nim-pty", path = "../nim-pty", coord_kind = "vcs", url = "https://github.com/metacraft-labs/nim-pty", ref = "agents", revision = "2c14f4ecce4f1ac0e572bf509647cce29f90cf91", integrity = "git-sha1:2c14f4ecce4f1ac0e572bf509647cce29f90cf91", version = "", visibility = "public", participation = "", depends = "", tags = "" }, { name = "nim-termctl", path = "../nim-termctl", coord_kind = "vcs", url = "https://github.com/metacraft-labs/nim-termctl", ref = "agents", revision = "2251d7516096019683f04689c11166829c4e14dc", integrity = "git-sha1:2251d7516096019683f04689c11166829c4e14dc", version = "", visibility = "public", participation = "", depends = "", tags = "" }]
